{
  "name": "cribble-agent",
  "version": "1.4.1",
  "lockfileVersion": 3,
  "requires": true,
  "packages": {
    "": {
      "name": "cribble-agent",
      "version": "1.4.1",
      "hasInstallScript": true,
      "license": "ISC",
      "dependencies": {
        "ccusage": "20.0.24",
        "proper-lockfile": "^4.1.2"
      },
      "bin": {
        "cribble": "index.js"
      },
      "engines": {
        "node": ">=18"
      }
    },
    "node_modules/@ccusage/ccusage-darwin-arm64": {
      "version": "20.0.24",
      "resolved": "https://registry.npmjs.org/@ccusage/ccusage-darwin-arm64/-/ccusage-darwin-arm64-20.0.24.tgz",
      "integrity": "sha512-jdJP78y2SYRSoGcakANRYeqAbwG2FBw5dzyb6bakIM3S08G2LNrBFQVbsQvNB/f2OXbUtQpJzofHJvoDIyVW1Q==",
      "cpu": [
        "arm64"
      ],
      "license": "MIT",
      "optional": true,
      "os": [
        "darwin"
      ]
    },
    "node_modules/@ccusage/ccusage-darwin-x64": {
      "version": "20.0.24",
      "resolved": "https://registry.npmjs.org/@ccusage/ccusage-darwin-x64/-/ccusage-darwin-x64-20.0.24.tgz",
      "integrity": "sha512-iCko1HCk7fVLrs7TYyztMUv9Ze6iQDp6IhyeIzNfh9QJUUssxoNh9t7AkUgZL0EkiRbBBdsBrdYrAZ2WmkHpkQ==",
      "cpu": [
        "x64"
      ],
      "license": "MIT",
      "optional": true,
      "os": [
        "darwin"
      ]
    },
    "node_modules/@ccusage/ccusage-linux-arm64": {
      "version": "20.0.24",
      "resolved": "https://registry.npmjs.org/@ccusage/ccusage-linux-arm64/-/ccusage-linux-arm64-20.0.24.tgz",
      "integrity": "sha512-P3tkw7vIv78MKx9Xycqt6RE+cBv4wpZbmWFP81w5MYngYB9s1c8RqS24F/6a+B439WXLQ2051bqAqh96hTe0lw==",
      "cpu": [
        "arm64"
      ],
      "license": "MIT",
      "optional": true,
      "os": [
        "linux"
      ]
    },
    "node_modules/@ccusage/ccusage-linux-x64": {
      "version": "20.0.24",
      "resolved": "https://registry.npmjs.org/@ccusage/ccusage-linux-x64/-/ccusage-linux-x64-20.0.24.tgz",
      "integrity": "sha512-ydXM6AEUTO/T5dZK04GFGy6ePYBOjv3euQmJt0mDNg+/8SJDLWpg5GCtF9pnBrRR2GVA6b4PGouHe+ObLokBIw==",
      "cpu": [
        "x64"
      ],
      "license": "MIT",
      "optional": true,
      "os": [
        "linux"
      ]
    },
    "node_modules/@ccusage/ccusage-win32-arm64": {
      "version": "20.0.24",
      "resolved": "https://registry.npmjs.org/@ccusage/ccusage-win32-arm64/-/ccusage-win32-arm64-20.0.24.tgz",
      "integrity": "sha512-BDPgaqNPSlVM2dHGJRW1uRj53AOK1C+ih/1Ik5vUC8TOzr4t2Glb9abtnt0Jq0lUyr8qTQ5k0ow6p6LQyUa9AQ==",
      "cpu": [
        "arm64"
      ],
      "license": "MIT",
      "optional": true,
      "os": [
        "win32"
      ]
    },
    "node_modules/@ccusage/ccusage-win32-x64": {
      "version": "20.0.24",
      "resolved": "https://registry.npmjs.org/@ccusage/ccusage-win32-x64/-/ccusage-win32-x64-20.0.24.tgz",
      "integrity": "sha512-Pxb7rcHEoB4EByJKRQBaoPJcIvXxeRZZDK8aSHvX4Ah3VmuKJJoGGGqZ5pKnYuBTSmrpBo2EzRQ7fCGiFcv5+g==",
      "cpu": [
        "x64"
      ],
      "license": "MIT",
      "optional": true,
      "os": [
        "win32"
      ]
    },
    "node_modules/ccusage": {
      "version": "20.0.24",
      "resolved": "https://registry.npmjs.org/ccusage/-/ccusage-20.0.24.tgz",
      "integrity": "sha512-sHq7axM0ucbFS4m5xFzS7NxYSmOP1+PSDup3nVb+pitI3eEuwEiGObhsXvu47DSvB2hHpEts/quA3/0EE5i1Zw==",
      "license": "MIT",
      "bin": {
        "ccusage": "src/cli.js"
      },
      "funding": {
        "url": "https://github.com/sponsors/ryoppippi"
      },
      "optionalDependencies": {
        "@ccusage/ccusage-darwin-arm64": "20.0.24",
        "@ccusage/ccusage-darwin-x64": "20.0.24",
        "@ccusage/ccusage-linux-arm64": "20.0.24",
        "@ccusage/ccusage-linux-x64": "20.0.24",
        "@ccusage/ccusage-win32-arm64": "20.0.24",
        "@ccusage/ccusage-win32-x64": "20.0.24"
      }
    },
    "node_modules/graceful-fs": {
      "version": "4.2.11",
      "resolved": "https://registry.npmjs.org/graceful-fs/-/graceful-fs-4.2.11.tgz",
      "integrity": "sha512-RbJ5/jmFcNNCcDV5o9eTnBLJ/HszWV0P73bc+Ff4nS/rJj+YaS6IGyiOL0VoBYX+l1Wrl3k63h/KrH+nhJ0XvQ==",
      "license": "ISC"
    },
    "node_modules/proper-lockfile": {
      "version": "4.1.2",
      "resolved": "https://registry.npmjs.org/proper-lockfile/-/proper-lockfile-4.1.2.tgz",
      "integrity": "sha512-TjNPblN4BwAWMXU8s9AEz4JmQxnD1NNL7bNOY/AKUzyamc379FWASUhc/K1pL2noVb+XmZKLL68cjzLsiOAMaA==",
      "license": "MIT",
      "dependencies": {
        "graceful-fs": "^4.2.4",
        "retry": "^0.12.0",
        "signal-exit": "^3.0.2"
      }
    },
    "node_modules/retry": {
      "version": "0.12.0",
      "resolved": "https://registry.npmjs.org/retry/-/retry-0.12.0.tgz",
      "integrity": "sha512-9LkiTwjUh6rT555DtE9rTX+BKByPfrMzEAtnlEtdEwr3Nkffwiihqe2bWADg+OQRjt9gl6ICdmB/ZFDCGAtSow==",
      "license": "MIT",
      "engines": {
        "node": ">= 4"
      }
    },
    "node_modules/signal-exit": {
      "version": "3.0.7",
      "resolved": "https://registry.npmjs.org/signal-exit/-/signal-exit-3.0.7.tgz",
      "integrity": "sha512-wnD2ZE+l+SPC/uoS0vXeE9L1+0wuaMqKlfz9AMUo38JsyLSBWSFcHR1Rri62LZc12vLr1gb3jl7iwQhgwpAbGQ==",
      "license": "ISC"
    }
  }
}
